// !$*UTF8*$!
{
	archiveVersion = 1;
	classes = {
	};
	objectVersion = 56;
	objects = {

/* Begin PBXBuildFile section */
		CEBB07EE296ED3D500B025FA /* AppDelegate.swift in Sources */ = {isa = PBXBuildFile; fileRef = CEBB07ED296ED3D500B025FA /* AppDelegate.swift */; };
		CEBB07F0296ED3D500B025FA /* SceneDelegate.swift in Sources */ = {isa = PBXBuildFile; fileRef = CEBB07EF296ED3D500B025FA /* SceneDelegate.swift */; };
		CEBB07F8296ED3D500B025FA /* JobsityChallenge.xcdatamodeld in Sources */ = {isa = PBXBuildFile; fileRef = CEBB07F6296ED3D500B025FA /* JobsityChallenge.xcdatamodeld */; };
		CEBB07FA296ED3D900B025FA /* Assets.xcassets in Resources */ = {isa = PBXBuildFile; fileRef = CEBB07F9296ED3D900B025FA /* Assets.xcassets */; };
		CEBB07FD296ED3D900B025FA /* LaunchScreen.storyboard in Resources */ = {isa = PBXBuildFile; fileRef = CEBB07FB296ED3D900B025FA /* LaunchScreen.storyboard */; };
		CEBB080D296ED6DB00B025FA /* Network.swift in Sources */ = {isa = PBXBuildFile; fileRef = CEBB080C296ED6DB00B025FA /* Network.swift */; };
		CEBB080F296ED88100B025FA /* Series.swift in Sources */ = {isa = PBXBuildFile; fileRef = CEBB080E296ED88100B025FA /* Series.swift */; };
		CEBB0811296ED89B00B025FA /* Show.swift in Sources */ = {isa = PBXBuildFile; fileRef = CEBB0810296ED89B00B025FA /* Show.swift */; };
		CEBB0813296EDB7000B025FA /* Episode.swift in Sources */ = {isa = PBXBuildFile; fileRef = CEBB0812296EDB7000B025FA /* Episode.swift */; };
		CEBB0815296EDC5100B025FA /* Person.swift in Sources */ = {isa = PBXBuildFile; fileRef = CEBB0814296EDC5100B025FA /* Person.swift */; };
		CEBB0817296EDD9400B025FA /* Image.swift in Sources */ = {isa = PBXBuildFile; fileRef = CEBB0816296EDD9400B025FA /* Image.swift */; };
		CEBB0819296EDDF600B025FA /* ShowService.swift in Sources */ = {isa = PBXBuildFile; fileRef = CEBB0818296EDDF600B025FA /* ShowService.swift */; };
		CEBB081C296EE46300B025FA /* Settings.swift in Sources */ = {isa = PBXBuildFile; fileRef = CEBB081B296EE46300B025FA /* Settings.swift */; };
		CEBB081E296EE4EA00B025FA /* TVMaze.plist in Resources */ = {isa = PBXBuildFile; fileRef = CEBB081D296EE4EA00B025FA /* TVMaze.plist */; };
		CEBB0821296F0B1400B025FA /* ShowCollectionViewCell.swift in Sources */ = {isa = PBXBuildFile; fileRef = CEBB0820296F0B1400B025FA /* ShowCollectionViewCell.swift */; };
		CEBB0823296F0C3300B025FA /* HomeView.swift in Sources */ = {isa = PBXBuildFile; fileRef = CEBB0822296F0C3300B025FA /* HomeView.swift */; };
		CEBB0825296F0D2000B025FA /* HomeViewController.swift in Sources */ = {isa = PBXBuildFile; fileRef = CEBB0824296F0D2000B025FA /* HomeViewController.swift */; };
		CEBB0828296F0EE600B025FA /* Kingfisher in Frameworks */ = {isa = PBXBuildFile; productRef = CEBB0827296F0EE600B025FA /* Kingfisher */; };
		CEBB082B296F73A300B025FA /* ShowView.swift in Sources */ = {isa = PBXBuildFile; fileRef = CEBB082A296F73A300B025FA /* ShowView.swift */; };
		CEBB082D296F73AD00B025FA /* ShowViewController.swift in Sources */ = {isa = PBXBuildFile; fileRef = CEBB082C296F73AD00B025FA /* ShowViewController.swift */; };
		CEBB0830296F7DD900B025FA /* StringExtension.swift in Sources */ = {isa = PBXBuildFile; fileRef = CEBB082F296F7DD900B025FA /* StringExtension.swift */; };
/* End PBXBuildFile section */

/* Begin PBXFileReference section */
		CEBB07EA296ED3D500B025FA /* JobsityChallenge.app */ = {isa = PBXFileReference; explicitFileType = wrapper.application; includeInIndex = 0; path = JobsityChallenge.app; sourceTree = BUILT_PRODUCTS_DIR; };
		CEBB07ED296ED3D500B025FA /* AppDelegate.swift */ = {isa = PBXFileReference; lastKnownFileType = sourcecode.swift; path = AppDelegate.swift; sourceTree = "<group>"; };
		CEBB07EF296ED3D500B025FA /* SceneDelegate.swift */ = {isa = PBXFileReference; lastKnownFileType = sourcecode.swift; path = SceneDelegate.swift; sourceTree = "<group>"; };
		CEBB07F7296ED3D500B025FA /* JobsityChallenge.xcdatamodel */ = {isa = PBXFileReference; lastKnownFileType = wrapper.xcdatamodel; path = JobsityChallenge.xcdatamodel; sourceTree = "<group>"; };
		CEBB07F9296ED3D900B025FA /* Assets.xcassets */ = {isa = PBXFileReference; lastKnownFileType = folder.assetcatalog; path = Assets.xcassets; sourceTree = "<group>"; };
		CEBB07FC296ED3D900B025FA /* Base */ = {isa = PBXFileReference; lastKnownFileType = file.storyboard; name = Base; path = Base.lproj/LaunchScreen.storyboard; sourceTree = "<group>"; };
		CEBB07FE296ED3D900B025FA /* Info.plist */ = {isa = PBXFileReference; lastKnownFileType = text.plist.xml; path = Info.plist; sourceTree = "<group>"; };
		CEBB080C296ED6DB00B025FA /* Network.swift */ = {isa = PBXFileReference; lastKnownFileType = sourcecode.swift; path = Network.swift; sourceTree = "<group>"; };
		CEBB080E296ED88100B025FA /* Series.swift */ = {isa = PBXFileReference; lastKnownFileType = sourcecode.swift; path = Series.swift; sourceTree = "<group>"; };
		CEBB0810296ED89B00B025FA /* Show.swift */ = {isa = PBXFileReference; lastKnownFileType = sourcecode.swift; path = Show.swift; sourceTree = "<group>"; };
		CEBB0812296EDB7000B025FA /* Episode.swift */ = {isa = PBXFileReference; lastKnownFileType = sourcecode.swift; path = Episode.swift; sourceTree = "<group>"; };
		CEBB0814296EDC5100B025FA /* Person.swift */ = {isa = PBXFileReference; lastKnownFileType = sourcecode.swift; path = Person.swift; sourceTree = "<group>"; };
		CEBB0816296EDD9400B025FA /* Image.swift */ = {isa = PBXFileReference; lastKnownFileType = sourcecode.swift; path = Image.swift; sourceTree = "<group>"; };
		CEBB0818296EDDF600B025FA /* ShowService.swift */ = {isa = PBXFileReference; lastKnownFileType = sourcecode.swift; path = ShowService.swift; sourceTree = "<group>"; };
		CEBB081B296EE46300B025FA /* Settings.swift */ = {isa = PBXFileReference; lastKnownFileType = sourcecode.swift; path = Settings.swift; sourceTree = "<group>"; };
		CEBB081D296EE4EA00B025FA /* TVMaze.plist */ = {isa = PBXFileReference; lastKnownFileType = text.plist.xml; path = TVMaze.plist; sourceTree = "<group>"; };
		CEBB0820296F0B1400B025FA /* ShowCollectionViewCell.swift */ = {isa = PBXFileReference; lastKnownFileType = sourcecode.swift; path = ShowCollectionViewCell.swift; sourceTree = "<group>"; };
		CEBB0822296F0C3300B025FA /* HomeView.swift */ = {isa = PBXFileReference; lastKnownFileType = sourcecode.swift; path = HomeView.swift; sourceTree = "<group>"; };
		CEBB0824296F0D2000B025FA /* HomeViewController.swift */ = {isa = PBXFileReference; lastKnownFileType = sourcecode.swift; path = HomeViewController.swift; sourceTree = "<group>"; };
		CEBB082A296F73A300B025FA /* ShowView.swift */ = {isa = PBXFileReference; lastKnownFileType = sourcecode.swift; path = ShowView.swift; sourceTree = "<group>"; };
		CEBB082C296F73AD00B025FA /* ShowViewController.swift */ = {isa = PBXFileReference; lastKnownFileType = sourcecode.swift; path = ShowViewController.swift; sourceTree = "<group>"; };
		CEBB082F296F7DD900B025FA /* StringExtension.swift */ = {isa = PBXFileReference; lastKnownFileType = sourcecode.swift; path = StringExtension.swift; sourceTree = "<group>"; };
/* End PBXFileReference section */

/* Begin PBXFrameworksBuildPhase section */
		CEBB07E7296ED3D500B025FA /* Frameworks */ = {
			isa = PBXFrameworksBuildPhase;
			buildActionMask = 2147483647;
			files = (
				CEBB0828296F0EE600B025FA /* Kingfisher in Frameworks */,
			);
			runOnlyForDeploymentPostprocessing = 0;
		};
/* End PBXFrameworksBuildPhase section */

/* Begin PBXGroup section */
		CEBB07E1296ED3D500B025FA = {
			isa = PBXGroup;
			children = (
				CEBB07EC296ED3D500B025FA /* JobsityChallenge */,
				CEBB07EB296ED3D500B025FA /* Products */,
			);
			sourceTree = "<group>";
		};
		CEBB07EB296ED3D500B025FA /* Products */ = {
			isa = PBXGroup;
			children = (
				CEBB07EA296ED3D500B025FA /* JobsityChallenge.app */,
			);
			name = Products;
			sourceTree = "<group>";
		};
		CEBB07EC296ED3D500B025FA /* JobsityChallenge */ = {
			isa = PBXGroup;
			children = (
				CEBB0829296F408E00B025FA /* Core */,
				CEBB0804296ED58E00B025FA /* Domain */,
				CEBB082E296F7DC900B025FA /* Extensions */,
				CEBB081A296EE39F00B025FA /* Resources */,
				CEBB0808296ED60800B025FA /* UI */,
				CEBB07F6296ED3D500B025FA /* JobsityChallenge.xcdatamodeld */,
			);
			path = JobsityChallenge;
			sourceTree = "<group>";
		};
		CEBB0804296ED58E00B025FA /* Domain */ = {
			isa = PBXGroup;
			children = (
				CEBB0807296ED5B600B025FA /* Services */,
				CEBB0805296ED59C00B025FA /* Models */,
			);
			path = Domain;
			sourceTree = "<group>";
		};
		CEBB0805296ED59C00B025FA /* Models */ = {
			isa = PBXGroup;
			children = (
				CEBB080E296ED88100B025FA /* Series.swift */,
				CEBB0810296ED89B00B025FA /* Show.swift */,
				CEBB0812296EDB7000B025FA /* Episode.swift */,
				CEBB0814296EDC5100B025FA /* Person.swift */,
				CEBB0816296EDD9400B025FA /* Image.swift */,
				CEBB081B296EE46300B025FA /* Settings.swift */,
			);
			path = Models;
			sourceTree = "<group>";
		};
		CEBB0807296ED5B600B025FA /* Services */ = {
			isa = PBXGroup;
			children = (
				CEBB080C296ED6DB00B025FA /* Network.swift */,
				CEBB0818296EDDF600B025FA /* ShowService.swift */,
			);
			path = Services;
			sourceTree = "<group>";
		};
		CEBB0808296ED60800B025FA /* UI */ = {
			isa = PBXGroup;
			children = (
				CEBB081F296F0AFF00B025FA /* Components */,
				CEBB080B296ED6A200B025FA /* Person */,
				CEBB080A296ED62D00B025FA /* Show */,
				CEBB0809296ED61600B025FA /* Home */,
			);
			path = UI;
			sourceTree = "<group>";
		};
		CEBB0809296ED61600B025FA /* Home */ = {
			isa = PBXGroup;
			children = (
				CEBB0822296F0C3300B025FA /* HomeView.swift */,
				CEBB0824296F0D2000B025FA /* HomeViewController.swift */,
			);
			path = Home;
			sourceTree = "<group>";
		};
		CEBB080A296ED62D00B025FA /* Show */ = {
			isa = PBXGroup;
			children = (
				CEBB082A296F73A300B025FA /* ShowView.swift */,
				CEBB082C296F73AD00B025FA /* ShowViewController.swift */,
			);
			path = Show;
			sourceTree = "<group>";
		};
		CEBB080B296ED6A200B025FA /* Person */ = {
			isa = PBXGroup;
			children = (
			);
			path = Person;
			sourceTree = "<group>";
		};
		CEBB081A296EE39F00B025FA /* Resources */ = {
			isa = PBXGroup;
			children = (
				CEBB07FE296ED3D900B025FA /* Info.plist */,
				CEBB07FB296ED3D900B025FA /* LaunchScreen.storyboard */,
				CEBB07F9296ED3D900B025FA /* Assets.xcassets */,
				CEBB081D296EE4EA00B025FA /* TVMaze.plist */,
			);
			path = Resources;
			sourceTree = "<group>";
		};
		CEBB081F296F0AFF00B025FA /* Components */ = {
			isa = PBXGroup;
			children = (
				CEBB0820296F0B1400B025FA /* ShowCollectionViewCell.swift */,
			);
			path = Components;
			sourceTree = "<group>";
		};
		CEBB0829296F408E00B025FA /* Core */ = {
			isa = PBXGroup;
			children = (
				CEBB07ED296ED3D500B025FA /* AppDelegate.swift */,
				CEBB07EF296ED3D500B025FA /* SceneDelegate.swift */,
			);
			path = Core;
			sourceTree = "<group>";
		};
		CEBB082E296F7DC900B025FA /* Extensions */ = {
			isa = PBXGroup;
			children = (
				CEBB082F296F7DD900B025FA /* StringExtension.swift */,
			);
			path = Extensions;
			sourceTree = "<group>";
		};
/* End PBXGroup section */

/* Begin PBXNativeTarget section */
		CEBB07E9296ED3D500B025FA /* JobsityChallenge */ = {
			isa = PBXNativeTarget;
			buildConfigurationList = CEBB0801296ED3D900B025FA /* Build configuration list for PBXNativeTarget "JobsityChallenge" */;
			buildPhases = (
				CEBB07E6296ED3D500B025FA /* Sources */,
				CEBB07E7296ED3D500B025FA /* Frameworks */,
				CEBB07E8296ED3D500B025FA /* Resources */,
			);
			buildRules = (
			);
			dependencies = (
			);
			name = JobsityChallenge;
			packageProductDependencies = (
				CEBB0827296F0EE600B025FA /* Kingfisher */,
			);
			productName = JobsityChallenge;
			productReference = CEBB07EA296ED3D500B025FA /* JobsityChallenge.app */;
			productType = "com.apple.product-type.application";
		};
/* End PBXNativeTarget section */

/* Begin PBXProject section */
		CEBB07E2296ED3D500B025FA /* Project object */ = {
			isa = PBXProject;
			attributes = {
				BuildIndependentTargetsInParallel = 1;
				LastSwiftUpdateCheck = 1410;
				LastUpgradeCheck = 1410;
				TargetAttributes = {
					CEBB07E9296ED3D500B025FA = {
						CreatedOnToolsVersion = 14.1;
					};
				};
			};
			buildConfigurationList = CEBB07E5296ED3D500B025FA /* Build configuration list for PBXProject "JobsityChallenge" */;
			compatibilityVersion = "Xcode 14.0";
			developmentRegion = en;
			hasScannedForEncodings = 0;
			knownRegions = (
				en,
				Base,
			);
			mainGroup = CEBB07E1296ED3D500B025FA;
			packageReferences = (
				CEBB0826296F0EE600B025FA /* XCRemoteSwiftPackageReference "Kingfisher" */,
			);
			productRefGroup = CEBB07EB296ED3D500B025FA /* Products */;
			projectDirPath = "";
			projectRoot = "";
			targets = (
				CEBB07E9296ED3D500B025FA /* JobsityChallenge */,
			);
		};
/* End PBXProject section */

/* Begin PBXResourcesBuildPhase section */
		CEBB07E8296ED3D500B025FA /* Resources */ = {
			isa = PBXResourcesBuildPhase;
			buildActionMask = 2147483647;
			files = (
				CEBB081E296EE4EA00B025FA /* TVMaze.plist in Resources */,
				CEBB07FD296ED3D900B025FA /* LaunchScreen.storyboard in Resources */,
				CEBB07FA296ED3D900B025FA /* Assets.xcassets in Resources */,
			);
			runOnlyForDeploymentPostprocessing = 0;
		};
/* End PBXResourcesBuildPhase section */

/* Begin PBXSourcesBuildPhase section */
		CEBB07E6296ED3D500B025FA /* Sources */ = {
			isa = PBXSourcesBuildPhase;
			buildActionMask = 2147483647;
			files = (
				CEBB0819296EDDF600B025FA /* ShowService.swift in Sources */,
				CEBB0823296F0C3300B025FA /* HomeView.swift in Sources */,
				CEBB080F296ED88100B025FA /* Series.swift in Sources */,
				CEBB082D296F73AD00B025FA /* ShowViewController.swift in Sources */,
				CEBB0813296EDB7000B025FA /* Episode.swift in Sources */,
				CEBB080D296ED6DB00B025FA /* Network.swift in Sources */,
				CEBB082B296F73A300B025FA /* ShowView.swift in Sources */,
				CEBB0825296F0D2000B025FA /* HomeViewController.swift in Sources */,
				CEBB0821296F0B1400B025FA /* ShowCollectionViewCell.swift in Sources */,
				CEBB07F8296ED3D500B025FA /* JobsityChallenge.xcdatamodeld in Sources */,
				CEBB081C296EE46300B025FA /* Settings.swift in Sources */,
				CEBB0811296ED89B00B025FA /* Show.swift in Sources */,
				CEBB0815296EDC5100B025FA /* Person.swift in Sources */,
				CEBB07EE296ED3D500B025FA /* AppDelegate.swift in Sources */,
				CEBB0830296F7DD900B025FA /* StringExtension.swift in Sources */,
				CEBB07F0296ED3D500B025FA /* SceneDelegate.swift in Sources */,
				CEBB0817296EDD9400B025FA /* Image.swift in Sources */,
			);
			runOnlyForDeploymentPostprocessing = 0;
		};
/* End PBXSourcesBuildPhase section */

/* Begin PBXVariantGroup section */
		CEBB07FB296ED3D900B025FA /* LaunchScreen.storyboard */ = {
			isa = PBXVariantGroup;
			children = (
				CEBB07FC296ED3D900B025FA /* Base */,
			);
			name = LaunchScreen.storyboard;
			sourceTree = "<group>";
		};
/* End PBXVariantGroup section */

/* Begin XCBuildConfiguration section */
		CEBB07FF296ED3D900B025FA /* Debug */ = {
			isa = XCBuildConfiguration;
			buildSettings = {
				ALWAYS_SEARCH_USER_PATHS = NO;
				CLANG_ANALYZER_NONNULL = YES;
				CLANG_ANALYZER_NUMBER_OBJECT_CONVERSION = YES_AGGRESSIVE;
				CLANG_CXX_LANGUAGE_STANDARD = "gnu++20";
				CLANG_ENABLE_MODULES = YES;
				CLANG_ENABLE_OBJC_ARC = YES;
				CLANG_ENABLE_OBJC_WEAK = YES;
				CLANG_WARN_BLOCK_CAPTURE_AUTORELEASING = YES;
				CLANG_WARN_BOOL_CONVERSION = YES;
				CLANG_WARN_COMMA = YES;
				CLANG_WARN_CONSTANT_CONVERSION = YES;
				CLANG_WARN_DEPRECATED_OBJC_IMPLEMENTATIONS = YES;
				CLANG_WARN_DIRECT_OBJC_ISA_USAGE = YES_ERROR;
				CLANG_WARN_DOCUMENTATION_COMMENTS = YES;
				CLANG_WARN_EMPTY_BODY = YES;
				CLANG_WARN_ENUM_CONVERSION = YES;
				CLANG_WARN_INFINITE_RECURSION = YES;
				CLANG_WARN_INT_CONVERSION = YES;
				CLANG_WARN_NON_LITERAL_NULL_CONVERSION = YES;
				CLANG_WARN_OBJC_IMPLICIT_RETAIN_SELF = YES;
				CLANG_WARN_OBJC_LITERAL_CONVERSION = YES;
				CLANG_WARN_OBJC_ROOT_CLASS = YES_ERROR;
				CLANG_WARN_QUOTED_INCLUDE_IN_FRAMEWORK_HEADER = YES;
				CLANG_WARN_RANGE_LOOP_ANALYSIS = YES;
				CLANG_WARN_STRICT_PROTOTYPES = YES;
				CLANG_WARN_SUSPICIOUS_MOVE = YES;
				CLANG_WARN_UNGUARDED_AVAILABILITY = YES_AGGRESSIVE;
				CLANG_WARN_UNREACHABLE_CODE = YES;
				CLANG_WARN__DUPLICATE_METHOD_MATCH = YES;
				COPY_PHASE_STRIP = NO;
				DEBUG_INFORMATION_FORMAT = dwarf;
				ENABLE_STRICT_OBJC_MSGSEND = YES;
				ENABLE_TESTABILITY = YES;
				GCC_C_LANGUAGE_STANDARD = gnu11;
				GCC_DYNAMIC_NO_PIC = NO;
				GCC_NO_COMMON_BLOCKS = YES;
				GCC_OPTIMIZATION_LEVEL = 0;
				GCC_PREPROCESSOR_DEFINITIONS = (
					"DEBUG=1",
					"$(inherited)",
				);
				GCC_WARN_64_TO_32_BIT_CONVERSION = YES;
				GCC_WARN_ABOUT_RETURN_TYPE = YES_ERROR;
				GCC_WARN_UNDECLARED_SELECTOR = YES;
				GCC_WARN_UNINITIALIZED_AUTOS = YES_AGGRESSIVE;
				GCC_WARN_UNUSED_FUNCTION = YES;
				GCC_WARN_UNUSED_VARIABLE = YES;
				IPHONEOS_DEPLOYMENT_TARGET = 16.1;
				MTL_ENABLE_DEBUG_INFO = INCLUDE_SOURCE;
				MTL_FAST_MATH = YES;
				ONLY_ACTIVE_ARCH = YES;
				SDKROOT = iphoneos;
				SWIFT_ACTIVE_COMPILATION_CONDITIONS = DEBUG;
				SWIFT_OPTIMIZATION_LEVEL = "-Onone";
			};
			name = Debug;
		};
		CEBB0800296ED3D900B025FA /* Release */ = {
			isa = XCBuildConfiguration;
			buildSettings = {
				ALWAYS_SEARCH_USER_PATHS = NO;
				CLANG_ANALYZER_NONNULL = YES;
				CLANG_ANALYZER_NUMBER_OBJECT_CONVERSION = YES_AGGRESSIVE;
				CLANG_CXX_LANGUAGE_STANDARD = "gnu++20";
				CLANG_ENABLE_MODULES = YES;
				CLANG_ENABLE_OBJC_ARC = YES;
				CLANG_ENABLE_OBJC_WEAK = YES;
				CLANG_WARN_BLOCK_CAPTURE_AUTORELEASING = YES;
				CLANG_WARN_BOOL_CONVERSION = YES;
				CLANG_WARN_COMMA = YES;
				CLANG_WARN_CONSTANT_CONVERSION = YES;
				CLANG_WARN_DEPRECATED_OBJC_IMPLEMENTATIONS = YES;
				CLANG_WARN_DIRECT_OBJC_ISA_USAGE = YES_ERROR;
				CLANG_WARN_DOCUMENTATION_COMMENTS = YES;
				CLANG_WARN_EMPTY_BODY = YES;
				CLANG_WARN_ENUM_CONVERSION = YES;
				CLANG_WARN_INFINITE_RECURSION = YES;
				CLANG_WARN_INT_CONVERSION = YES;
				CLANG_WARN_NON_LITERAL_NULL_CONVERSION = YES;
				CLANG_WARN_OBJC_IMPLICIT_RETAIN_SELF = YES;
				CLANG_WARN_OBJC_LITERAL_CONVERSION = YES;
				CLANG_WARN_OBJC_ROOT_CLASS = YES_ERROR;
				CLANG_WARN_QUOTED_INCLUDE_IN_FRAMEWORK_HEADER = YES;
				CLANG_WARN_RANGE_LOOP_ANALYSIS = YES;
				CLANG_WARN_STRICT_PROTOTYPES = YES;
				CLANG_WARN_SUSPICIOUS_MOVE = YES;
				CLANG_WARN_UNGUARDED_AVAILABILITY = YES_AGGRESSIVE;
				CLANG_WARN_UNREACHABLE_CODE = YES;
				CLANG_WARN__DUPLICATE_METHOD_MATCH = YES;
				COPY_PHASE_STRIP = NO;
				DEBUG_INFORMATION_FORMAT = "dwarf-with-dsym";
				ENABLE_NS_ASSERTIONS = NO;
				ENABLE_STRICT_OBJC_MSGSEND = YES;
				GCC_C_LANGUAGE_STANDARD = gnu11;
				GCC_NO_COMMON_BLOCKS = YES;
				GCC_WARN_64_TO_32_BIT_CONVERSION = YES;
				GCC_WARN_ABOUT_RETURN_TYPE = YES_ERROR;
				GCC_WARN_UNDECLARED_SELECTOR = YES;
				GCC_WARN_UNINITIALIZED_AUTOS = YES_AGGRESSIVE;
				GCC_WARN_UNUSED_FUNCTION = YES;
				GCC_WARN_UNUSED_VARIABLE = YES;
				IPHONEOS_DEPLOYMENT_TARGET = 16.1;
				MTL_ENABLE_DEBUG_INFO = NO;
				MTL_FAST_MATH = YES;
				SDKROOT = iphoneos;
				SWIFT_COMPILATION_MODE = wholemodule;
				SWIFT_OPTIMIZATION_LEVEL = "-O";
				VALIDATE_PRODUCT = YES;
			};
			name = Release;
		};
		CEBB0802296ED3D900B025FA /* Debug */ = {
			isa = XCBuildConfiguration;
			buildSettings = {
				ASSETCATALOG_COMPILER_APPICON_NAME = AppIcon;
				ASSETCATALOG_COMPILER_GLOBAL_ACCENT_COLOR_NAME = AccentColor;
				CODE_SIGN_STYLE = Automatic;
				CURRENT_PROJECT_VERSION = 1;
				DEVELOPMENT_TEAM = VK9JADUS66;
				GENERATE_INFOPLIST_FILE = YES;
				INFOPLIST_FILE = JobsityChallenge/Resources/Info.plist;
				INFOPLIST_KEY_UIApplicationSupportsIndirectInputEvents = YES;
				INFOPLIST_KEY_UILaunchStoryboardName = LaunchScreen;
				INFOPLIST_KEY_UISupportedInterfaceOrientations_iPad = "UIInterfaceOrientationPortrait UIInterfaceOrientationPortraitUpsideDown UIInterfaceOrientationLandscapeLeft UIInterfaceOrientationLandscapeRight";
				INFOPLIST_KEY_UISupportedInterfaceOrientations_iPhone = "UIInterfaceOrientationPortrait UIInterfaceOrientationLandscapeLeft UIInterfaceOrientationLandscapeRight";
				LD_RUNPATH_SEARCH_PATHS = (
					"$(inherited)",
					"@executable_path/Frameworks",
				);
				MARKETING_VERSION = 1.0;
				PRODUCT_BUNDLE_IDENTIFIER = br.com.reisdev.JobsityChallenge;
				PRODUCT_NAME = "$(TARGET_NAME)";
				SWIFT_EMIT_LOC_STRINGS = YES;
				SWIFT_VERSION = 5.0;
				TARGETED_DEVICE_FAMILY = "1,2";
			};
			name = Debug;
		};
		CEBB0803296ED3D900B025FA /* Release */ = {
			isa = XCBuildConfiguration;
			buildSettings = {
				ASSETCATALOG_COMPILER_APPICON_NAME = AppIcon;
				ASSETCATALOG_COMPILER_GLOBAL_ACCENT_COLOR_NAME = AccentColor;
				CODE_SIGN_STYLE = Automatic;
				CURRENT_PROJECT_VERSION = 1;
				DEVELOPMENT_TEAM = VK9JADUS66;
				GENERATE_INFOPLIST_FILE = YES;
				INFOPLIST_FILE = JobsityChallenge/Resources/Info.plist;
				INFOPLIST_KEY_UIApplicationSupportsIndirectInputEvents = YES;
				INFOPLIST_KEY_UILaunchStoryboardName = LaunchScreen;
				INFOPLIST_KEY_UISupportedInterfaceOrientations_iPad = "UIInterfaceOrientationPortrait UIInterfaceOrientationPortraitUpsideDown UIInterfaceOrientationLandscapeLeft UIInterfaceOrientationLandscapeRight";
				INFOPLIST_KEY_UISupportedInterfaceOrientations_iPhone = "UIInterfaceOrientationPortrait UIInterfaceOrientationLandscapeLeft UIInterfaceOrientationLandscapeRight";
				LD_RUNPATH_SEARCH_PATHS = (
					"$(inherited)",
					"@executable_path/Frameworks",
				);
				MARKETING_VERSION = 1.0;
				PRODUCT_BUNDLE_IDENTIFIER = br.com.reisdev.JobsityChallenge;
				PRODUCT_NAME = "$(TARGET_NAME)";
				SWIFT_EMIT_LOC_STRINGS = YES;
				SWIFT_VERSION = 5.0;
				TARGETED_DEVICE_FAMILY = "1,2";
			};
			name = Release;
		};
/* End XCBuildConfiguration section */

/* Begin XCConfigurationList section */
		CEBB07E5296ED3D500B025FA /* Build configuration list for PBXProject "JobsityChallenge" */ = {
			isa = XCConfigurationList;
			buildConfigurations = (
				CEBB07FF296ED3D900B025FA /* Debug */,
				CEBB0800296ED3D900B025FA /* Release */,
			);
			defaultConfigurationIsVisible = 0;
			defaultConfigurationName = Release;
		};
		CEBB0801296ED3D900B025FA /* Build configuration list for PBXNativeTarget "JobsityChallenge" */ = {
			isa = XCConfigurationList;
			buildConfigurations = (
				CEBB0802296ED3D900B025FA /* Debug */,
				CEBB0803296ED3D900B025FA /* Release */,
			);
			defaultConfigurationIsVisible = 0;
			defaultConfigurationName = Release;
		};
/* End XCConfigurationList section */

/* Begin XCRemoteSwiftPackageReference section */
		CEBB0826296F0EE600B025FA /* XCRemoteSwiftPackageReference "Kingfisher" */ = {
			isa = XCRemoteSwiftPackageReference;
			repositoryURL = "https://github.com/onevcat/Kingfisher.git";
			requirement = {
				kind = upToNextMajorVersion;
				minimumVersion = 7.0.0;
			};
		};
/* End XCRemoteSwiftPackageReference section */

/* Begin XCSwiftPackageProductDependency section */
		CEBB0827296F0EE600B025FA /* Kingfisher */ = {
			isa = XCSwiftPackageProductDependency;
			package = CEBB0826296F0EE600B025FA /* XCRemoteSwiftPackageReference "Kingfisher" */;
			productName = Kingfisher;
		};
/* End XCSwiftPackageProductDependency section */

/* Begin XCVersionGroup section */
		CEBB07F6296ED3D500B025FA /* JobsityChallenge.xcdatamodeld */ = {
			isa = XCVersionGroup;
			children = (
				CEBB07F7296ED3D500B025FA /* JobsityChallenge.xcdatamodel */,
			);
			currentVersion = CEBB07F7296ED3D500B025FA /* JobsityChallenge.xcdatamodel */;
			path = JobsityChallenge.xcdatamodeld;
			sourceTree = "<group>";
			versionGroupType = wrapper.xcdatamodel;
		};
/* End XCVersionGroup section */
	};
	rootObject = CEBB07E2296ED3D500B025FA /* Project object */;
}
